// !$*UTF8*$!
{
	archiveVersion = 1;
	classes = {
	};
	objectVersion = 46;
	objects = {

/* Begin PBXBuildFile section */
		C12764661D30242E006B219F /* AppDelegate.swift in Sources */ = {isa = PBXBuildFile; fileRef = C12764651D30242E006B219F /* AppDelegate.swift */; };
		C12764681D30242E006B219F /* GroupTableViewController.swift in Sources */ = {isa = PBXBuildFile; fileRef = C12764671D30242E006B219F /* GroupTableViewController.swift */; };
		C127646D1D30242E006B219F /* Assets.xcassets in Resources */ = {isa = PBXBuildFile; fileRef = C127646C1D30242E006B219F /* Assets.xcassets */; };
		C12764701D30242E006B219F /* LaunchScreen.storyboard in Resources */ = {isa = PBXBuildFile; fileRef = C127646E1D30242E006B219F /* LaunchScreen.storyboard */; };
		C1396D151D5535F00048F1FA /* MemberTableViewController.swift in Sources */ = {isa = PBXBuildFile; fileRef = C1396D141D5535F00048F1FA /* MemberTableViewController.swift */; };
		C13FB5C21D33D3AC0008A72F /* GroupModel.swift in Sources */ = {isa = PBXBuildFile; fileRef = C13FB5C11D33D3AC0008A72F /* GroupModel.swift */; };
		C13FB5C41D33D3CB0008A72F /* GroupManagement.swift in Sources */ = {isa = PBXBuildFile; fileRef = C13FB5C31D33D3CB0008A72F /* GroupManagement.swift */; };
		C13FB5C61D353A810008A72F /* AddGroupViewController.swift in Sources */ = {isa = PBXBuildFile; fileRef = C13FB5C51D353A810008A72F /* AddGroupViewController.swift */; };
		C1435A091D5917DE003F2010 /* MemberModel.swift in Sources */ = {isa = PBXBuildFile; fileRef = C1435A081D5917DE003F2010 /* MemberModel.swift */; };
		C1623A8D1D69CA230008D4A0 /* Main.storyboard in Resources */ = {isa = PBXBuildFile; fileRef = C1623A8B1D69CA230008D4A0 /* Main.storyboard */; };
		C1623A8F1D6A59050008D4A0 /* PrayerModel.swift in Sources */ = {isa = PBXBuildFile; fileRef = C1623A8E1D6A59050008D4A0 /* PrayerModel.swift */; };
		C162CB001D563C7E00BB17AC /* AddMemberViewController.swift in Sources */ = {isa = PBXBuildFile; fileRef = C162CAFF1D563C7E00BB17AC /* AddMemberViewController.swift */; };
		C162ED1C1D5E15780079D3ED /* PrayerTableViewCellController.swift in Sources */ = {isa = PBXBuildFile; fileRef = C162ED1B1D5E15780079D3ED /* PrayerTableViewCellController.swift */; };
		C16CC7CB1D5C8CAF0061AB7A /* PrayerViewController.swift in Sources */ = {isa = PBXBuildFile; fileRef = C16CC7CA1D5C8CAF0061AB7A /* PrayerViewController.swift */; };
		C1AF9B061D6B259D00EB6910 /* MyPrayerViewController.swift in Sources */ = {isa = PBXBuildFile; fileRef = C1AF9B051D6B259D00EB6910 /* MyPrayerViewController.swift */; };
		C1AF9B081D6CA5B800EB6910 /* MyPrayerTableViewCellController.swift in Sources */ = {isa = PBXBuildFile; fileRef = C1AF9B071D6CA5B800EB6910 /* MyPrayerTableViewCellController.swift */; };
		C1F896CB1D6F638700CC44C1 /* SupporterClass.swift in Sources */ = {isa = PBXBuildFile; fileRef = C1F896CA1D6F638700CC44C1 /* SupporterClass.swift */; };
		C1F896CE1D71EBAF00CC44C1 /* Licence.txt in Resources */ = {isa = PBXBuildFile; fileRef = C1F896CD1D71EBAF00CC44C1 /* Licence.txt */; };
		C1F896D01D71EC3400CC44C1 /* LPRTableView.swift in Sources */ = {isa = PBXBuildFile; fileRef = C1F896CF1D71EC3400CC44C1 /* LPRTableView.swift */; };
/* End PBXBuildFile section */

/* Begin PBXFileReference section */
		C108B84D1D7F79D0006C3119 /* ko */ = {isa = PBXFileReference; lastKnownFileType = text.plist.strings; name = ko; path = ko.lproj/Main.strings; sourceTree = "<group>"; };
		C108B84E1D7F79D0006C3119 /* ko */ = {isa = PBXFileReference; lastKnownFileType = text.plist.strings; name = ko; path = ko.lproj/LaunchScreen.strings; sourceTree = "<group>"; };
		C12764621D30242E006B219F /* Pray.app */ = {isa = PBXFileReference; explicitFileType = wrapper.application; includeInIndex = 0; path = Pray.app; sourceTree = BUILT_PRODUCTS_DIR; };
		C12764651D30242E006B219F /* AppDelegate.swift */ = {isa = PBXFileReference; lastKnownFileType = sourcecode.swift; path = AppDelegate.swift; sourceTree = "<group>"; };
		C12764671D30242E006B219F /* GroupTableViewController.swift */ = {isa = PBXFileReference; lastKnownFileType = sourcecode.swift; path = GroupTableViewController.swift; sourceTree = "<group>"; };
		C127646C1D30242E006B219F /* Assets.xcassets */ = {isa = PBXFileReference; lastKnownFileType = folder.assetcatalog; path = Assets.xcassets; sourceTree = "<group>"; };
		C127646F1D30242E006B219F /* Base */ = {isa = PBXFileReference; lastKnownFileType = file.storyboard; name = Base; path = Base.lproj/LaunchScreen.storyboard; sourceTree = "<group>"; };
		C12764711D30242E006B219F /* Info.plist */ = {isa = PBXFileReference; lastKnownFileType = text.plist.xml; path = Info.plist; sourceTree = "<group>"; };
		C1396D141D5535F00048F1FA /* MemberTableViewController.swift */ = {isa = PBXFileReference; fileEncoding = 4; lastKnownFileType = sourcecode.swift; path = MemberTableViewController.swift; sourceTree = "<group>"; };
		C13FB5C11D33D3AC0008A72F /* GroupModel.swift */ = {isa = PBXFileReference; fileEncoding = 4; lastKnownFileType = sourcecode.swift; path = GroupModel.swift; sourceTree = "<group>"; };
		C13FB5C31D33D3CB0008A72F /* GroupManagement.swift */ = {isa = PBXFileReference; fileEncoding = 4; lastKnownFileType = sourcecode.swift; name = GroupManagement.swift; path = ../GroupManagement.swift; sourceTree = "<group>"; };
		C13FB5C51D353A810008A72F /* AddGroupViewController.swift */ = {isa = PBXFileReference; fileEncoding = 4; lastKnownFileType = sourcecode.swift; path = AddGroupViewController.swift; sourceTree = "<group>"; };
		C1435A081D5917DE003F2010 /* MemberModel.swift */ = {isa = PBXFileReference; fileEncoding = 4; lastKnownFileType = sourcecode.swift; path = MemberModel.swift; sourceTree = "<group>"; };
		C1623A8C1D69CA230008D4A0 /* Base */ = {isa = PBXFileReference; lastKnownFileType = file.storyboard; name = Base; path = Base.lproj/Main.storyboard; sourceTree = "<group>"; };
		C1623A8E1D6A59050008D4A0 /* PrayerModel.swift */ = {isa = PBXFileReference; fileEncoding = 4; lastKnownFileType = sourcecode.swift; path = PrayerModel.swift; sourceTree = "<group>"; };
		C162CAFF1D563C7E00BB17AC /* AddMemberViewController.swift */ = {isa = PBXFileReference; fileEncoding = 4; lastKnownFileType = sourcecode.swift; path = AddMemberViewController.swift; sourceTree = "<group>"; };
		C162ED1B1D5E15780079D3ED /* PrayerTableViewCellController.swift */ = {isa = PBXFileReference; fileEncoding = 4; lastKnownFileType = sourcecode.swift; path = PrayerTableViewCellController.swift; sourceTree = "<group>"; };
		C16CC7CA1D5C8CAF0061AB7A /* PrayerViewController.swift */ = {isa = PBXFileReference; fileEncoding = 4; lastKnownFileType = sourcecode.swift; path = PrayerViewController.swift; sourceTree = "<group>"; };
		C1AF9B051D6B259D00EB6910 /* MyPrayerViewController.swift */ = {isa = PBXFileReference; fileEncoding = 4; lastKnownFileType = sourcecode.swift; path = MyPrayerViewController.swift; sourceTree = "<group>"; };
		C1AF9B071D6CA5B800EB6910 /* MyPrayerTableViewCellController.swift */ = {isa = PBXFileReference; fileEncoding = 4; lastKnownFileType = sourcecode.swift; path = MyPrayerTableViewCellController.swift; sourceTree = "<group>"; };
		C1F896CA1D6F638700CC44C1 /* SupporterClass.swift */ = {isa = PBXFileReference; fileEncoding = 4; lastKnownFileType = sourcecode.swift; path = SupporterClass.swift; sourceTree = "<group>"; };
		C1F896CD1D71EBAF00CC44C1 /* Licence.txt */ = {isa = PBXFileReference; fileEncoding = 4; lastKnownFileType = text; path = Licence.txt; sourceTree = "<group>"; };
		C1F896CF1D71EC3400CC44C1 /* LPRTableView.swift */ = {isa = PBXFileReference; fileEncoding = 4; lastKnownFileType = sourcecode.swift; path = LPRTableView.swift; sourceTree = "<group>"; };
/* End PBXFileReference section */

/* Begin PBXFrameworksBuildPhase section */
		C127645F1D30242E006B219F /* Frameworks */ = {
			isa = PBXFrameworksBuildPhase;
			buildActionMask = 2147483647;
			files = (
			);
			runOnlyForDeploymentPostprocessing = 0;
		};
/* End PBXFrameworksBuildPhase section */

/* Begin PBXGroup section */
		C125B81E1D64CF7E001CE43D /* Prayer View Controller and sub class */ = {
			isa = PBXGroup;
			children = (
				C16CC7CA1D5C8CAF0061AB7A /* PrayerViewController.swift */,
				C162ED1B1D5E15780079D3ED /* PrayerTableViewCellController.swift */,
			);
			name = "Prayer View Controller and sub class";
			sourceTree = "<group>";
		};
		C12764591D30242E006B219F = {
			isa = PBXGroup;
			children = (
				C12764641D30242E006B219F /* Pray */,
				C12764631D30242E006B219F /* Products */,
			);
			sourceTree = "<group>";
		};
		C12764631D30242E006B219F /* Products */ = {
			isa = PBXGroup;
			children = (
				C12764621D30242E006B219F /* Pray.app */,
			);
			name = Products;
			sourceTree = "<group>";
		};
		C12764641D30242E006B219F /* Pray */ = {
			isa = PBXGroup;
			children = (
				C1F896CC1D71E9F000CC44C1 /* External APIs */,
				C16CC7C91D59F5B10061AB7A /* Add View Controllers */,
				C16CC7C81D59DDE80061AB7A /* View Controllers */,
				C16CC7C71D59DD960061AB7A /* Models */,
				C12764651D30242E006B219F /* AppDelegate.swift */,
				C1623A8B1D69CA230008D4A0 /* Main.storyboard */,
				C127646C1D30242E006B219F /* Assets.xcassets */,
				C127646E1D30242E006B219F /* LaunchScreen.storyboard */,
				C12764711D30242E006B219F /* Info.plist */,
				C1F896CD1D71EBAF00CC44C1 /* Licence.txt */,
			);
			path = Pray;
			sourceTree = "<group>";
		};
		C16CC7C71D59DD960061AB7A /* Models */ = {
			isa = PBXGroup;
			children = (
				C13FB5C31D33D3CB0008A72F /* GroupManagement.swift */,
				C13FB5C11D33D3AC0008A72F /* GroupModel.swift */,
				C1435A081D5917DE003F2010 /* MemberModel.swift */,
				C1623A8E1D6A59050008D4A0 /* PrayerModel.swift */,
			);
			name = Models;
			sourceTree = "<group>";
		};
		C16CC7C81D59DDE80061AB7A /* View Controllers */ = {
			isa = PBXGroup;
			children = (
				C1AF9B041D6B256200EB6910 /* My Prayer View Controller and sub class */,
				C125B81E1D64CF7E001CE43D /* Prayer View Controller and sub class */,
				C1396D141D5535F00048F1FA /* MemberTableViewController.swift */,
				C12764671D30242E006B219F /* GroupTableViewController.swift */,
				C1F896CA1D6F638700CC44C1 /* SupporterClass.swift */,
			);
			name = "View Controllers";
			sourceTree = "<group>";
		};
		C16CC7C91D59F5B10061AB7A /* Add View Controllers */ = {
			isa = PBXGroup;
			children = (
				C13FB5C51D353A810008A72F /* AddGroupViewController.swift */,
				C162CAFF1D563C7E00BB17AC /* AddMemberViewController.swift */,
			);
			name = "Add View Controllers";
			sourceTree = "<group>";
		};
		C1AF9B041D6B256200EB6910 /* My Prayer View Controller and sub class */ = {
			isa = PBXGroup;
			children = (
				C1AF9B051D6B259D00EB6910 /* MyPrayerViewController.swift */,
				C1AF9B071D6CA5B800EB6910 /* MyPrayerTableViewCellController.swift */,
			);
			name = "My Prayer View Controller and sub class";
			sourceTree = "<group>";
		};
		C1F896CC1D71E9F000CC44C1 /* External APIs */ = {
			isa = PBXGroup;
			children = (
				C1F896CF1D71EC3400CC44C1 /* LPRTableView.swift */,
			);
			name = "External APIs";
			sourceTree = "<group>";
		};
/* End PBXGroup section */

/* Begin PBXNativeTarget section */
		C12764611D30242E006B219F /* Pray */ = {
			isa = PBXNativeTarget;
			buildConfigurationList = C12764741D30242E006B219F /* Build configuration list for PBXNativeTarget "Pray" */;
			buildPhases = (
				C127645E1D30242E006B219F /* Sources */,
				C127645F1D30242E006B219F /* Frameworks */,
				C12764601D30242E006B219F /* Resources */,
			);
			buildRules = (
			);
			dependencies = (
			);
			name = Pray;
			productName = Pray;
			productReference = C12764621D30242E006B219F /* Pray.app */;
			productType = "com.apple.product-type.application";
		};
/* End PBXNativeTarget section */

/* Begin PBXProject section */
		C127645A1D30242E006B219F /* Project object */ = {
			isa = PBXProject;
			attributes = {
				LastSwiftUpdateCheck = 0730;
				LastUpgradeCheck = 0800;
				ORGANIZATIONNAME = "이주영";
				TargetAttributes = {
					C12764611D30242E006B219F = {
						CreatedOnToolsVersion = 7.3.1;
						DevelopmentTeam = VV8387KC4L;
						LastSwiftMigration = 0800;
					};
				};
			};
			buildConfigurationList = C127645D1D30242E006B219F /* Build configuration list for PBXProject "Pray" */;
			compatibilityVersion = "Xcode 3.2";
			developmentRegion = English;
			hasScannedForEncodings = 0;
			knownRegions = (
				en,
				Base,
			);
			mainGroup = C12764591D30242E006B219F;
			productRefGroup = C12764631D30242E006B219F /* Products */;
			projectDirPath = "";
			projectRoot = "";
			targets = (
				C12764611D30242E006B219F /* Pray */,
			);
		};
/* End PBXProject section */

/* Begin PBXResourcesBuildPhase section */
		C12764601D30242E006B219F /* Resources */ = {
			isa = PBXResourcesBuildPhase;
			buildActionMask = 2147483647;
			files = (
				C1F896CE1D71EBAF00CC44C1 /* Licence.txt in Resources */,
				C1623A8D1D69CA230008D4A0 /* Main.storyboard in Resources */,
				C12764701D30242E006B219F /* LaunchScreen.storyboard in Resources */,
				C127646D1D30242E006B219F /* Assets.xcassets in Resources */,
			);
			runOnlyForDeploymentPostprocessing = 0;
		};
/* End PBXResourcesBuildPhase section */

/* Begin PBXSourcesBuildPhase section */
		C127645E1D30242E006B219F /* Sources */ = {
			isa = PBXSourcesBuildPhase;
			buildActionMask = 2147483647;
			files = (
				C1623A8F1D6A59050008D4A0 /* PrayerModel.swift in Sources */,
				C162ED1C1D5E15780079D3ED /* PrayerTableViewCellController.swift in Sources */,
				C162CB001D563C7E00BB17AC /* AddMemberViewController.swift in Sources */,
				C1F896CB1D6F638700CC44C1 /* SupporterClass.swift in Sources */,
				C16CC7CB1D5C8CAF0061AB7A /* PrayerViewController.swift in Sources */,
				C12764681D30242E006B219F /* GroupTableViewController.swift in Sources */,
				C12764661D30242E006B219F /* AppDelegate.swift in Sources */,
				C13FB5C41D33D3CB0008A72F /* GroupManagement.swift in Sources */,
				C1AF9B061D6B259D00EB6910 /* MyPrayerViewController.swift in Sources */,
				C13FB5C21D33D3AC0008A72F /* GroupModel.swift in Sources */,
				C1AF9B081D6CA5B800EB6910 /* MyPrayerTableViewCellController.swift in Sources */,
				C1F896D01D71EC3400CC44C1 /* LPRTableView.swift in Sources */,
				C1435A091D5917DE003F2010 /* MemberModel.swift in Sources */,
				C1396D151D5535F00048F1FA /* MemberTableViewController.swift in Sources */,
				C13FB5C61D353A810008A72F /* AddGroupViewController.swift in Sources */,
			);
			runOnlyForDeploymentPostprocessing = 0;
		};
/* End PBXSourcesBuildPhase section */

/* Begin PBXVariantGroup section */
		C127646E1D30242E006B219F /* LaunchScreen.storyboard */ = {
			isa = PBXVariantGroup;
			children = (
				C127646F1D30242E006B219F /* Base */,
				C108B84E1D7F79D0006C3119 /* ko */,
			);
			name = LaunchScreen.storyboard;
			sourceTree = "<group>";
		};
		C1623A8B1D69CA230008D4A0 /* Main.storyboard */ = {
			isa = PBXVariantGroup;
			children = (
				C1623A8C1D69CA230008D4A0 /* Base */,
				C108B84D1D7F79D0006C3119 /* ko */,
			);
			name = Main.storyboard;
			sourceTree = "<group>";
		};
/* End PBXVariantGroup section */

/* Begin XCBuildConfiguration section */
		C12764721D30242E006B219F /* Debug */ = {
			isa = XCBuildConfiguration;
			buildSettings = {
				ALWAYS_SEARCH_USER_PATHS = NO;
				CLANG_ANALYZER_LOCALIZABILITY_NONLOCALIZED = YES;
				CLANG_ANALYZER_NONNULL = YES;
				CLANG_CXX_LANGUAGE_STANDARD = "gnu++0x";
				CLANG_CXX_LIBRARY = "libc++";
				CLANG_ENABLE_MODULES = YES;
				CLANG_ENABLE_OBJC_ARC = YES;
				CLANG_WARN_BOOL_CONVERSION = YES;
				CLANG_WARN_CONSTANT_CONVERSION = YES;
				CLANG_WARN_DIRECT_OBJC_ISA_USAGE = YES_ERROR;
				CLANG_WARN_EMPTY_BODY = YES;
				CLANG_WARN_ENUM_CONVERSION = YES;
				CLANG_WARN_INFINITE_RECURSION = YES;
				CLANG_WARN_INT_CONVERSION = YES;
				CLANG_WARN_OBJC_ROOT_CLASS = YES_ERROR;
				CLANG_WARN_SUSPICIOUS_MOVE = YES;
				CLANG_WARN_UNREACHABLE_CODE = YES;
				CLANG_WARN__DUPLICATE_METHOD_MATCH = YES;
				"CODE_SIGN_IDENTITY[sdk=iphoneos*]" = "iPhone Developer";
				COPY_PHASE_STRIP = NO;
				DEBUG_INFORMATION_FORMAT = dwarf;
				ENABLE_STRICT_OBJC_MSGSEND = YES;
				ENABLE_TESTABILITY = YES;
				GCC_C_LANGUAGE_STANDARD = gnu99;
				GCC_DYNAMIC_NO_PIC = NO;
				GCC_NO_COMMON_BLOCKS = YES;
				GCC_OPTIMIZATION_LEVEL = 0;
				GCC_PREPROCESSOR_DEFINITIONS = (
					"DEBUG=1",
					"$(inherited)",
				);
				GCC_WARN_64_TO_32_BIT_CONVERSION = YES;
				GCC_WARN_ABOUT_RETURN_TYPE = YES_ERROR;
				GCC_WARN_UNDECLARED_SELECTOR = YES;
				GCC_WARN_UNINITIALIZED_AUTOS = YES_AGGRESSIVE;
				GCC_WARN_UNUSED_FUNCTION = YES;
				GCC_WARN_UNUSED_VARIABLE = YES;
				IPHONEOS_DEPLOYMENT_TARGET = 9.3;
				MTL_ENABLE_DEBUG_INFO = YES;
				ONLY_ACTIVE_ARCH = YES;
				SDKROOT = iphoneos;
				SWIFT_OPTIMIZATION_LEVEL = "-Onone";
			};
			name = Debug;
		};
		C12764731D30242E006B219F /* Release */ = {
			isa = XCBuildConfiguration;
			buildSettings = {
				ALWAYS_SEARCH_USER_PATHS = NO;
				CLANG_ANALYZER_LOCALIZABILITY_NONLOCALIZED = YES;
				CLANG_ANALYZER_NONNULL = YES;
				CLANG_CXX_LANGUAGE_STANDARD = "gnu++0x";
				CLANG_CXX_LIBRARY = "libc++";
				CLANG_ENABLE_MODULES = YES;
				CLANG_ENABLE_OBJC_ARC = YES;
				CLANG_WARN_BOOL_CONVERSION = YES;
				CLANG_WARN_CONSTANT_CONVERSION = YES;
				CLANG_WARN_DIRECT_OBJC_ISA_USAGE = YES_ERROR;
				CLANG_WARN_EMPTY_BODY = YES;
				CLANG_WARN_ENUM_CONVERSION = YES;
				CLANG_WARN_INFINITE_RECURSION = YES;
				CLANG_WARN_INT_CONVERSION = YES;
				CLANG_WARN_OBJC_ROOT_CLASS = YES_ERROR;
				CLANG_WARN_SUSPICIOUS_MOVE = YES;
				CLANG_WARN_UNREACHABLE_CODE = YES;
				CLANG_WARN__DUPLICATE_METHOD_MATCH = YES;
				"CODE_SIGN_IDENTITY[sdk=iphoneos*]" = "iPhone Developer";
				COPY_PHASE_STRIP = NO;
				DEBUG_INFORMATION_FORMAT = "dwarf-with-dsym";
				ENABLE_NS_ASSERTIONS = NO;
				ENABLE_STRICT_OBJC_MSGSEND = YES;
				GCC_C_LANGUAGE_STANDARD = gnu99;
				GCC_NO_COMMON_BLOCKS = YES;
				GCC_WARN_64_TO_32_BIT_CONVERSION = YES;
				GCC_WARN_ABOUT_RETURN_TYPE = YES_ERROR;
				GCC_WARN_UNDECLARED_SELECTOR = YES;
				GCC_WARN_UNINITIALIZED_AUTOS = YES_AGGRESSIVE;
				GCC_WARN_UNUSED_FUNCTION = YES;
				GCC_WARN_UNUSED_VARIABLE = YES;
				IPHONEOS_DEPLOYMENT_TARGET = 9.3;
				MTL_ENABLE_DEBUG_INFO = NO;
				SDKROOT = iphoneos;
				SWIFT_OPTIMIZATION_LEVEL = "-Owholemodule";
				VALIDATE_PRODUCT = YES;
			};
			name = Release;
		};
		C12764751D30242E006B219F /* Debug */ = {
			isa = XCBuildConfiguration;
			buildSettings = {
				ASSETCATALOG_COMPILER_APPICON_NAME = AppIcon;
				INFOPLIST_FILE = Pray/Info.plist;
				LD_RUNPATH_SEARCH_PATHS = "$(inherited) @executable_path/Frameworks";
				PRODUCT_BUNDLE_IDENTIFIER = STyLEjY.Pray;
				PRODUCT_NAME = "$(TARGET_NAME)";
				SWIFT_VERSION = 3.0;
			};
			name = Debug;
		};
		C12764761D30242E006B219F /* Release */ = {
			isa = XCBuildConfiguration;
			buildSettings = {
				ASSETCATALOG_COMPILER_APPICON_NAME = AppIcon;
				INFOPLIST_FILE = Pray/Info.plist;
				LD_RUNPATH_SEARCH_PATHS = "$(inherited) @executable_path/Frameworks";
				PRODUCT_BUNDLE_IDENTIFIER = STyLEjY.Pray;
				PRODUCT_NAME = "$(TARGET_NAME)";
				SWIFT_VERSION = 3.0;
			};
			name = Release;
		};
/* End XCBuildConfiguration section */

/* Begin XCConfigurationList section */
		C127645D1D30242E006B219F /* Build configuration list for PBXProject "Pray" */ = {
			isa = XCConfigurationList;
			buildConfigurations = (
				C12764721D30242E006B219F /* Debug */,
				C12764731D30242E006B219F /* Release */,
			);
			defaultConfigurationIsVisible = 0;
			defaultConfigurationName = Release;
		};
		C12764741D30242E006B219F /* Build configuration list for PBXNativeTarget "Pray" */ = {
			isa = XCConfigurationList;
			buildConfigurations = (
				C12764751D30242E006B219F /* Debug */,
				C12764761D30242E006B219F /* Release */,
			);
			defaultConfigurationIsVisible = 0;
			defaultConfigurationName = Release;
		};
/* End XCConfigurationList section */
	};
	rootObject = C127645A1D30242E006B219F /* Project object */;
}
